
Microsoft Visual Studio Solution File, Format Version 12.00
# Visual Studio 14
VisualStudioVersion = 14.0.23107.0
MinimumVisualStudioVersion = 10.0.40219.1
Project("{FAE04EC0-301F-11D3-BF4B-00C04F79EFBC}") = "Panda", "Panda\Panda.csproj", "{4DC97E2C-6D53-4350-AD1A-34A461A331A9}"
EndProject
Project("{FAE04EC0-301F-11D3-BF4B-00C04F79EFBC}") = "SocialNetwork", "SocialNetwork\SocialNetwork.csproj", "{46A2001B-B30E-4A9A-A88E-F04C86135DAF}"
EndProject
Project("{FAE04EC0-301F-11D3-BF4B-00C04F79EFBC}") = "ConsoleInterface", "ConsoleInterface\ConsoleInterface.csproj", "{4D8C2C93-B425-4B30-BBA2-1A6EB47E96D7}"
EndProject
Project("{FAE04EC0-301F-11D3-BF4B-00C04F79EFBC}") = "SaveAndLoad", "SaveAndLoad\SaveAndLoad.csproj", "{E72CB4CB-84EF-49E5-A9DD-B81189C7B5FB}"
EndProject
Project("{FAE04EC0-301F-11D3-BF4B-00C04F79EFBC}") = "UnitTestPanda", "UnitTestPanda\UnitTestPanda.csproj", "{042ECC16-ACDE-440F-A051-96255D23187E}"
EndProject
Global
	GlobalSection(SolutionConfigurationPlatforms) = preSolution
		Debug|Any CPU = Debug|Any CPU
		Release|Any CPU = Release|Any CPU
	EndGlobalSection
	GlobalSection(ProjectConfigurationPlatforms) = postSolution
		{4DC97E2C-6D53-4350-AD1A-34A461A331A9}.Debug|Any CPU.ActiveCfg = Debug|Any CPU
		{4DC97E2C-6D53-4350-AD1A-34A461A331A9}.Debug|Any CPU.Build.0 = Debug|Any CPU
		{4DC97E2C-6D53-4350-AD1A-34A461A331A9}.Release|Any CPU.ActiveCfg = Release|Any CPU
		{4DC97E2C-6D53-4350-AD1A-34A461A331A9}.Release|Any CPU.Build.0 = Release|Any CPU
		{46A2001B-B30E-4A9A-A88E-F04C86135DAF}.Debug|Any CPU.ActiveCfg = Debug|Any CPU
		{46A2001B-B30E-4A9A-A88E-F04C86135DAF}.Debug|Any CPU.Build.0 = Debug|Any CPU
		{46A2001B-B30E-4A9A-A88E-F04C86135DAF}.Release|Any CPU.ActiveCfg = Release|Any CPU
		{46A2001B-B30E-4A9A-A88E-F04C86135DAF}.Release|Any CPU.Build.0 = Release|Any CPU
		{4D8C2C93-B425-4B30-BBA2-1A6EB47E96D7}.Debug|Any CPU.ActiveCfg = Debug|Any CPU
		{4D8C2C93-B425-4B30-BBA2-1A6EB47E96D7}.Debug|Any CPU.Build.0 = Debug|Any CPU
		{4D8C2C93-B425-4B30-BBA2-1A6EB47E96D7}.Release|Any CPU.ActiveCfg = Release|Any CPU
		{4D8C2C93-B425-4B30-BBA2-1A6EB47E96D7}.Release|Any CPU.Build.0 = Release|Any CPU
		{E72CB4CB-84EF-49E5-A9DD-B81189C7B5FB}.Debug|Any CPU.ActiveCfg = Debug|Any CPU
		{E72CB4CB-84EF-49E5-A9DD-B81189C7B5FB}.Debug|Any CPU.Build.0 = Debug|Any CPU
		{E72CB4CB-84EF-49E5-A9DD-B81189C7B5FB}.Release|Any CPU.ActiveCfg = Release|Any CPU
		{E72CB4CB-84EF-49E5-A9DD-B81189C7B5FB}.Release|Any CPU.Build.0 = Release|Any CPU
		{042ECC16-ACDE-440F-A051-96255D23187E}.Debug|Any CPU.ActiveCfg = Debug|Any CPU
		{042ECC16-ACDE-440F-A051-96255D23187E}.Debug|Any CPU.Build.0 = Debug|Any CPU
		{042ECC16-ACDE-440F-A051-96255D23187E}.Release|Any CPU.ActiveCfg = Release|Any CPU
		{042ECC16-ACDE-440F-A051-96255D23187E}.Release|Any CPU.Build.0 = Release|Any CPU
	EndGlobalSection
	GlobalSection(SolutionProperties) = preSolution
		HideSolutionNode = FALSE
	EndGlobalSection
EndGlobal
